dependencies:
- name: redpanda
  repository: https://charts.redpanda.com
  version: 5.10.6
- name: kube-prometheus-stack
  repository: https://prometheus-community.github.io/helm-charts
  version: 80.14.4
- name: postgresql
  repository: https://charts.bitnami.com/bitnami
  version: 18.2.0
- name: redis
  repository: https://charts.bitnami.com/bitnami
  version: 24.1.0
digest: sha256:77b96e0dba8a5ab3e9926c4e1029b74e683a97cfb9dea1e7079aedc6d32e1039
generated: "2026-01-16T17:08:35.991133+02:00"
